
Microsoft Visual Studio Solution File, Format Version 12.00
# Visual Studio 15
VisualStudioVersion = 15.0.27130.2020
MinimumVisualStudioVersion = 10.0.40219.1
Project("{FAE04EC0-301F-11D3-BF4B-00C04F79EFBC}") = "ThumbWeb", "ThumbWeb\ThumbWeb.csproj", "{BDDD805C-96ED-4216-AE8D-F7A54A922DFD}"
EndProject
Project("{FAE04EC0-301F-11D3-BF4B-00C04F79EFBC}") = "Thumb.Lib", "Thumb.Lib\Thumb.Lib.csproj", "{FBE4C30E-7685-4B5E-953E-855173E5E5DB}"
EndProject
Global
	GlobalSection(SolutionConfigurationPlatforms) = preSolution
		Debug|Any CPU = Debug|Any CPU
		Release|Any CPU = Release|Any CPU
	EndGlobalSection
	GlobalSection(ProjectConfigurationPlatforms) = postSolution
		{BDDD805C-96ED-4216-AE8D-F7A54A922DFD}.Debug|Any CPU.ActiveCfg = Debug|Any CPU
		{BDDD805C-96ED-4216-AE8D-F7A54A922DFD}.Debug|Any CPU.Build.0 = Debug|Any CPU
		{BDDD805C-96ED-4216-AE8D-F7A54A922DFD}.Release|Any CPU.ActiveCfg = Release|Any CPU
		{BDDD805C-96ED-4216-AE8D-F7A54A922DFD}.Release|Any CPU.Build.0 = Release|Any CPU
		{FBE4C30E-7685-4B5E-953E-855173E5E5DB}.Debug|Any CPU.ActiveCfg = Debug|Any CPU
		{FBE4C30E-7685-4B5E-953E-855173E5E5DB}.Debug|Any CPU.Build.0 = Debug|Any CPU
		{FBE4C30E-7685-4B5E-953E-855173E5E5DB}.Release|Any CPU.ActiveCfg = Release|Any CPU
		{FBE4C30E-7685-4B5E-953E-855173E5E5DB}.Release|Any CPU.Build.0 = Release|Any CPU
	EndGlobalSection
	GlobalSection(SolutionProperties) = preSolution
		HideSolutionNode = FALSE
	EndGlobalSection
	GlobalSection(ExtensibilityGlobals) = postSolution
		SolutionGuid = {9F45ED8B-D1D0-4C29-945F-1064A1C75611}
	EndGlobalSection
EndGlobal
